memo = "0bbba0523d0f7c935d32985c6f1ab287c260896e36a37ab828b84f29c6100661"

[[projects]]
  name = "github.com/BurntSushi/toml"
  packages = ["."]
  revision = "b26d9c308763d68093482582cea63d69be07a0f0"
  version = "v0.3.0"

[[projects]]
  branch = "master"
  name = "github.com/armon/go-radix"
  packages = ["."]
  revision = "4239b77079c7b5d1243b7b4736304ce8ddb6f0f2"

[[projects]]
  branch = "master"
  name = "github.com/bgentry/speakeasy"
  packages = ["."]
  revision = "4aabc24848ce5fd31929f7d1e4ea74d3709c14cd"

[[projects]]
  name = "github.com/mattn/go-isatty"
  packages = ["."]
  revision = "fc9e8d8ef48496124e79ae0df75490096eccf6fe"
  version = "v0.0.2"

[[projects]]
  branch = "master"
  name = "github.com/mitchellh/cli"
  packages = ["."]
  revision = "ee8578a9c12a5bb9d55303b9665cc448772c81b8"

[[projects]]
  name = "github.com/sideshow/apns2"
  packages = [".","certificate"]
  revision = "6ffbf017e660feff7df81e68de6482e263fae288"
  version = "v0.9"

[[projects]]
  branch = "master"
  name = "golang.org/x/crypto"
  packages = ["pkcs12","pkcs12/internal/rc2"]
  revision = "c7af5bf2638a1164f2eb5467c39c6cffbd13a02e"

[[projects]]
  branch = "master"
  name = "golang.org/x/net"
  packages = ["context","context/ctxhttp","http2","http2/hpack","idna","lex/httplex"]
  revision = "da118f7b8e5954f39d0d2130ab35d4bf0e3cb344"

[[projects]]
  branch = "master"
  name = "golang.org/x/sys"
  packages = ["unix"]
  revision = "9ccfe848b9db8435a24c424abbc07a921adf1df5"

[[projects]]
  branch = "master"
  name = "golang.org/x/text"
  packages = ["internal/gen","internal/triegen","internal/ucd","secure/bidirule","transform","unicode/bidi","unicode/cldr","unicode/norm","unicode/rangetable"]
  revision = "470f45bf29f4147d6fbd7dfd0a02a848e49f5bf4"
